
Microsoft Visual Studio Solution File, Format Version 12.00
# Visual Studio 15
VisualStudioVersion = 15.0.26430.16
MinimumVisualStudioVersion = 10.0.40219.1
Project("{FAE04EC0-301F-11D3-BF4B-00C04F79EFBC}") = "WebPivotal", "WebPivotal\WebPivotal.csproj", "{11E98167-16CF-4E25-B25C-58B9F05C3739}"
EndProject
Project("{FAE04EC0-301F-11D3-BF4B-00C04F79EFBC}") = "ServicePivotal", "ServicePivotal\ServicePivotal.csproj", "{66D264A3-24D2-421F-A5EB-4A5AB31FFE05}"
EndProject
Global
	GlobalSection(SolutionConfigurationPlatforms) = preSolution
		Debug|Any CPU = Debug|Any CPU
		Release|Any CPU = Release|Any CPU
	EndGlobalSection
	GlobalSection(ProjectConfigurationPlatforms) = postSolution
		{11E98167-16CF-4E25-B25C-58B9F05C3739}.Debug|Any CPU.ActiveCfg = Debug|Any CPU
		{11E98167-16CF-4E25-B25C-58B9F05C3739}.Debug|Any CPU.Build.0 = Debug|Any CPU
		{11E98167-16CF-4E25-B25C-58B9F05C3739}.Release|Any CPU.ActiveCfg = Release|Any CPU
		{11E98167-16CF-4E25-B25C-58B9F05C3739}.Release|Any CPU.Build.0 = Release|Any CPU
		{66D264A3-24D2-421F-A5EB-4A5AB31FFE05}.Debug|Any CPU.ActiveCfg = Debug|Any CPU
		{66D264A3-24D2-421F-A5EB-4A5AB31FFE05}.Debug|Any CPU.Build.0 = Debug|Any CPU
		{66D264A3-24D2-421F-A5EB-4A5AB31FFE05}.Release|Any CPU.ActiveCfg = Release|Any CPU
		{66D264A3-24D2-421F-A5EB-4A5AB31FFE05}.Release|Any CPU.Build.0 = Release|Any CPU
	EndGlobalSection
	GlobalSection(SolutionProperties) = preSolution
		HideSolutionNode = FALSE
	EndGlobalSection
EndGlobal
